
Microsoft Visual Studio Solution File, Format Version 12.00
# Visual Studio Version 17
VisualStudioVersion = 17.3.32929.385
MinimumVisualStudioVersion = 10.0.40219.1
Project("{FAE04EC0-301F-11D3-BF4B-00C04F79EFBC}") = "ApiGateway", "ApiGateway\ApiGateway.csproj", "{250C4699-3CBC-4EED-817A-017F277D3046}"
EndProject
Global
	GlobalSection(SolutionConfigurationPlatforms) = preSolution
		Debug|Any CPU = Debug|Any CPU
		Release|Any CPU = Release|Any CPU
	EndGlobalSection
	GlobalSection(ProjectConfigurationPlatforms) = postSolution
		{250C4699-3CBC-4EED-817A-017F277D3046}.Debug|Any CPU.ActiveCfg = Debug|Any CPU
		{250C4699-3CBC-4EED-817A-017F277D3046}.Debug|Any CPU.Build.0 = Debug|Any CPU
		{250C4699-3CBC-4EED-817A-017F277D3046}.Release|Any CPU.ActiveCfg = Release|Any CPU
		{250C4699-3CBC-4EED-817A-017F277D3046}.Release|Any CPU.Build.0 = Release|Any CPU
	EndGlobalSection
	GlobalSection(SolutionProperties) = preSolution
		HideSolutionNode = FALSE
	EndGlobalSection
	GlobalSection(ExtensibilityGlobals) = postSolution
		SolutionGuid = {C2273D30-19DB-46F8-A09F-B34426A4F5CD}
	EndGlobalSection
EndGlobal
